{
  "name": "access-decision-manager-react",
  "version": "0.0.0",
  "lockfileVersion": 1,
  "requires": true,
  "dependencies": {
    "@wizeline/access-decision-manager": {
      "version": "0.4.3",
      "resolved": "https://registry.npmjs.org/@wizeline/access-decision-manager/-/access-decision-manager-0.4.3.tgz",
      "integrity": "sha512-rFEf34Z+qf1CJ+JQmL48dRI4zpLiVSm1XTfT3GUHAaH7ba8XL5GWqkh7BXBjnEU805AqVw4VImPgJxqJWNAw6w=="
    }
  }
}
