{
  "name": "@wizeline/access-decision-manager-express",
  "version": "0.5.1",
  "lockfileVersion": 1,
  "requires": true,
  "dependencies": {
    "http-status-codes": {
      "version": "1.3.2",
      "resolved": "https://registry.npmjs.org/http-status-codes/-/http-status-codes-1.3.2.tgz",
      "integrity": "sha512-nDUtj0ltIt08tGi2VWSpSzNNFye0v3YSe9lX3lIqLTuVvvRiYCvs4QQBSHo0eomFYw1wlUuofurUAlTm+vHnXg=="
    }
  }
}
