{
  "name": "@wizeline/access-decision-manager-express",
  "version": "0.3.1",
  "lockfileVersion": 1,
  "requires": true,
  "dependencies": {
    "@wizeline/access-decision-manager": {
      "version": "0.1.0",
      "resolved": "https://registry.npmjs.org/@wizeline/access-decision-manager/-/access-decision-manager-0.1.0.tgz",
      "integrity": "sha512-+MuIO9Tf41seEpgazBh9yGll7eVADU+8eFxx4t4DuoEAhEoecUZVMOXBaVoKwSafv9Etmrhd2GeWR9daCnzEaw=="
    },
    "http-status-codes": {
      "version": "1.3.2",
      "resolved": "https://registry.npmjs.org/http-status-codes/-/http-status-codes-1.3.2.tgz",
      "integrity": "sha512-nDUtj0ltIt08tGi2VWSpSzNNFye0v3YSe9lX3lIqLTuVvvRiYCvs4QQBSHo0eomFYw1wlUuofurUAlTm+vHnXg=="
    }
  }
}
