{
  "name": "@wizeline/access-decision-manager-express",
  "version": "0.3.2",
  "lockfileVersion": 1,
  "requires": true,
  "dependencies": {
    "@wizeline/access-decision-manager": {
      "version": "0.3.2",
      "resolved": "https://registry.npmjs.org/@wizeline/access-decision-manager/-/access-decision-manager-0.3.2.tgz",
      "integrity": "sha512-XJp+mPVJsDO/viBIKzDD75YJsPgTlAUN+uX/T7dlfaPicWngXgmvd2pcu0oc0mkuUtSWX9Z3y477dLZs4RtSxw=="
    },
    "http-status-codes": {
      "version": "1.3.2",
      "resolved": "https://registry.npmjs.org/http-status-codes/-/http-status-codes-1.3.2.tgz",
      "integrity": "sha512-nDUtj0ltIt08tGi2VWSpSzNNFye0v3YSe9lX3lIqLTuVvvRiYCvs4QQBSHo0eomFYw1wlUuofurUAlTm+vHnXg=="
    }
  }
}
